
Microsoft Visual Studio Solution File, Format Version 12.00
# Visual Studio Version 17
VisualStudioVersion = 17.5.002.0
MinimumVisualStudioVersion = 10.0.40219.1
Project("{9A19103F-16F7-4668-BE54-9A1E7A4F7556}") = "BookStoreDB", "BookStoreDB.csproj", "{0924A467-2458-4FB0-ACAF-EE7197869B88}"
EndProject
Global
	GlobalSection(SolutionConfigurationPlatforms) = preSolution
		Debug|Any CPU = Debug|Any CPU
		Release|Any CPU = Release|Any CPU
	EndGlobalSection
	GlobalSection(ProjectConfigurationPlatforms) = postSolution
		{0924A467-2458-4FB0-ACAF-EE7197869B88}.Debug|Any CPU.ActiveCfg = Debug|Any CPU
		{0924A467-2458-4FB0-ACAF-EE7197869B88}.Debug|Any CPU.Build.0 = Debug|Any CPU
		{0924A467-2458-4FB0-ACAF-EE7197869B88}.Release|Any CPU.ActiveCfg = Release|Any CPU
		{0924A467-2458-4FB0-ACAF-EE7197869B88}.Release|Any CPU.Build.0 = Release|Any CPU
	EndGlobalSection
	GlobalSection(SolutionProperties) = preSolution
		HideSolutionNode = FALSE
	EndGlobalSection
	GlobalSection(ExtensibilityGlobals) = postSolution
		SolutionGuid = {4EF07AF9-B481-46D8-A9CE-777F10B22362}
	EndGlobalSection
EndGlobal
